name: '&fRuby Block'
material: PAPER
custom-model-data: 1013
model: "blanktopia:block/ruby_block"

block:
  type: mushroom
  state: 13
  model: "blanktopia:block/ruby_block"

  hardness: 5
  tools:
    - stone_pickaxe
    - iron_pickaxe
    - golden_pickaxe
    - diamond_pickaxe
    - netherite_pickaxe

  sounds:
    break:
      pitch: 0.5
      sound: block.amethyst_block.break
      volume: 1
    hit:
      pitch: 0.5
      sound: block.amethyst_block.hit
      volume: 0.25
    place:
      pitch: 0.5
      sound: block.amethyst_block.place
      volume: 1
